
Microsoft Visual Studio Solution File, Format Version 12.00
# Visual Studio 15
VisualStudioVersion = 15.0.26730.12
MinimumVisualStudioVersion = 10.0.40219.1
Project("{CC5FD16D-436D-48AD-A40C-5A424C6E3E79}") = "AzureCloudService1", "AzureCloudService1\AzureCloudService1.ccproj", "{407354AE-72A0-448B-95F2-CE19E41E280E}"
EndProject
Project("{FAE04EC0-301F-11D3-BF4B-00C04F79EFBC}") = "WebRole1", "WebRole1\WebRole1.csproj", "{BE5F4ECF-3FBE-467D-B343-3CEBB1FB7207}"
EndProject
Global
	GlobalSection(SolutionConfigurationPlatforms) = preSolution
		Debug|Any CPU = Debug|Any CPU
		Release|Any CPU = Release|Any CPU
	EndGlobalSection
	GlobalSection(ProjectConfigurationPlatforms) = postSolution
		{407354AE-72A0-448B-95F2-CE19E41E280E}.Debug|Any CPU.ActiveCfg = Debug|Any CPU
		{407354AE-72A0-448B-95F2-CE19E41E280E}.Debug|Any CPU.Build.0 = Debug|Any CPU
		{407354AE-72A0-448B-95F2-CE19E41E280E}.Release|Any CPU.ActiveCfg = Release|Any CPU
		{407354AE-72A0-448B-95F2-CE19E41E280E}.Release|Any CPU.Build.0 = Release|Any CPU
		{BE5F4ECF-3FBE-467D-B343-3CEBB1FB7207}.Debug|Any CPU.ActiveCfg = Debug|Any CPU
		{BE5F4ECF-3FBE-467D-B343-3CEBB1FB7207}.Debug|Any CPU.Build.0 = Debug|Any CPU
		{BE5F4ECF-3FBE-467D-B343-3CEBB1FB7207}.Release|Any CPU.ActiveCfg = Release|Any CPU
		{BE5F4ECF-3FBE-467D-B343-3CEBB1FB7207}.Release|Any CPU.Build.0 = Release|Any CPU
	EndGlobalSection
	GlobalSection(SolutionProperties) = preSolution
		HideSolutionNode = FALSE
	EndGlobalSection
	GlobalSection(ExtensibilityGlobals) = postSolution
		SolutionGuid = {4EA326B0-D01D-4B7C-85ED-0386C8A3713A}
	EndGlobalSection
EndGlobal
